
Microsoft Visual Studio Solution File, Format Version 12.00
# Visual Studio Version 16
VisualStudioVersion = 16.0.30611.23
MinimumVisualStudioVersion = 10.0.40219.1
Project("{FAE04EC0-301F-11D3-BF4B-00C04F79EFBC}") = "IMDBConsumer.Win10", "IMDBConsumer.Win10\IMDBConsumer.Win10.csproj", "{BF5C5A9D-ACA3-4C7A-AE3C-DFD7481067B4}"
EndProject
Project("{2150E333-8FDC-42A3-9474-1A3956D46DE8}") = "Clients", "Clients", "{6B145185-F0A7-41BE-9AF3-A78DCEE21A7F}"
EndProject
Project("{2150E333-8FDC-42A3-9474-1A3956D46DE8}") = "Tests", "Tests", "{D615763E-283A-49B7-AF16-1591D09B352A}"
EndProject
Project("{2150E333-8FDC-42A3-9474-1A3956D46DE8}") = "Utilities", "Utilities", "{4E55B57D-D090-47F6-8D41-0AA27427FC92}"
EndProject
Project("{2150E333-8FDC-42A3-9474-1A3956D46DE8}") = "Web", "Web", "{165B9FA3-9BD2-4D48-8289-25A94CA5DD14}"
EndProject
Project("{FAE04EC0-301F-11D3-BF4B-00C04F79EFBC}") = "IMDBConsumer.Utilities.Collections", "IMDBConsumer.Utilities.Collections\IMDBConsumer.Utilities.Collections.csproj", "{75A6A8D7-B75E-42AB-8060-179753551F1B}"
EndProject
Project("{FAE04EC0-301F-11D3-BF4B-00C04F79EFBC}") = "IMDBConsumer.Utilities.Common", "IMDBConsumer.Utilities.Common\IMDBConsumer.Utilities.Common.csproj", "{753C23E8-7087-4DD1-94D7-5E0F7254AB9B}"
EndProject
Project("{FAE04EC0-301F-11D3-BF4B-00C04F79EFBC}") = "IMDBConsumer.Utilities.Constants", "IMDBConsumer.Utilities.Constants\IMDBConsumer.Utilities.Constants.csproj", "{0D9CB417-0B9E-40AB-B65C-BDFC8D7D0608}"
EndProject
Project("{FAE04EC0-301F-11D3-BF4B-00C04F79EFBC}") = "IMDBConsumer.Utilities.Extensions", "IMDBConsumer.Utilities.Extensions\IMDBConsumer.Utilities.Extensions.csproj", "{BFC2366A-A5FE-462F-852F-25F09326423B}"
EndProject
Project("{FAE04EC0-301F-11D3-BF4B-00C04F79EFBC}") = "IMDBConsumer.Utilities.Services", "IMDBConsumer.Utilities.Services\IMDBConsumer.Utilities.Services.csproj", "{D9F8B4AE-EB16-4DC9-BA3E-BDCFAD0DEC9F}"
EndProject
Project("{FAE04EC0-301F-11D3-BF4B-00C04F79EFBC}") = "IMDBConsumer.Web.Dto", "IMDBConsumer.Web.Dto\IMDBConsumer.Web.Dto.csproj", "{E8EE29AE-FF6A-4E41-8AF0-5A15FDA1FC5E}"
EndProject
Global
	GlobalSection(SolutionConfigurationPlatforms) = preSolution
		Debug|Any CPU = Debug|Any CPU
		Debug|ARM = Debug|ARM
		Debug|ARM64 = Debug|ARM64
		Debug|x64 = Debug|x64
		Debug|x86 = Debug|x86
		Release|Any CPU = Release|Any CPU
		Release|ARM = Release|ARM
		Release|ARM64 = Release|ARM64
		Release|x64 = Release|x64
		Release|x86 = Release|x86
	EndGlobalSection
	GlobalSection(ProjectConfigurationPlatforms) = postSolution
		{BF5C5A9D-ACA3-4C7A-AE3C-DFD7481067B4}.Debug|Any CPU.ActiveCfg = Debug|x86
		{BF5C5A9D-ACA3-4C7A-AE3C-DFD7481067B4}.Debug|ARM.ActiveCfg = Debug|ARM
		{BF5C5A9D-ACA3-4C7A-AE3C-DFD7481067B4}.Debug|ARM.Build.0 = Debug|ARM
		{BF5C5A9D-ACA3-4C7A-AE3C-DFD7481067B4}.Debug|ARM.Deploy.0 = Debug|ARM
		{BF5C5A9D-ACA3-4C7A-AE3C-DFD7481067B4}.Debug|ARM64.ActiveCfg = Debug|ARM64
		{BF5C5A9D-ACA3-4C7A-AE3C-DFD7481067B4}.Debug|ARM64.Build.0 = Debug|ARM64
		{BF5C5A9D-ACA3-4C7A-AE3C-DFD7481067B4}.Debug|ARM64.Deploy.0 = Debug|ARM64
		{BF5C5A9D-ACA3-4C7A-AE3C-DFD7481067B4}.Debug|x64.ActiveCfg = Debug|x64
		{BF5C5A9D-ACA3-4C7A-AE3C-DFD7481067B4}.Debug|x64.Build.0 = Debug|x64
		{BF5C5A9D-ACA3-4C7A-AE3C-DFD7481067B4}.Debug|x64.Deploy.0 = Debug|x64
		{BF5C5A9D-ACA3-4C7A-AE3C-DFD7481067B4}.Debug|x86.ActiveCfg = Debug|x86
		{BF5C5A9D-ACA3-4C7A-AE3C-DFD7481067B4}.Debug|x86.Build.0 = Debug|x86
		{BF5C5A9D-ACA3-4C7A-AE3C-DFD7481067B4}.Debug|x86.Deploy.0 = Debug|x86
		{BF5C5A9D-ACA3-4C7A-AE3C-DFD7481067B4}.Release|Any CPU.ActiveCfg = Release|x86
		{BF5C5A9D-ACA3-4C7A-AE3C-DFD7481067B4}.Release|ARM.ActiveCfg = Release|ARM
		{BF5C5A9D-ACA3-4C7A-AE3C-DFD7481067B4}.Release|ARM.Build.0 = Release|ARM
		{BF5C5A9D-ACA3-4C7A-AE3C-DFD7481067B4}.Release|ARM.Deploy.0 = Release|ARM
		{BF5C5A9D-ACA3-4C7A-AE3C-DFD7481067B4}.Release|ARM64.ActiveCfg = Release|ARM64
		{BF5C5A9D-ACA3-4C7A-AE3C-DFD7481067B4}.Release|ARM64.Build.0 = Release|ARM64
		{BF5C5A9D-ACA3-4C7A-AE3C-DFD7481067B4}.Release|ARM64.Deploy.0 = Release|ARM64
		{BF5C5A9D-ACA3-4C7A-AE3C-DFD7481067B4}.Release|x64.ActiveCfg = Release|x64
		{BF5C5A9D-ACA3-4C7A-AE3C-DFD7481067B4}.Release|x64.Build.0 = Release|x64
		{BF5C5A9D-ACA3-4C7A-AE3C-DFD7481067B4}.Release|x64.Deploy.0 = Release|x64
		{BF5C5A9D-ACA3-4C7A-AE3C-DFD7481067B4}.Release|x86.ActiveCfg = Release|x86
		{BF5C5A9D-ACA3-4C7A-AE3C-DFD7481067B4}.Release|x86.Build.0 = Release|x86
		{BF5C5A9D-ACA3-4C7A-AE3C-DFD7481067B4}.Release|x86.Deploy.0 = Release|x86
		{75A6A8D7-B75E-42AB-8060-179753551F1B}.Debug|Any CPU.ActiveCfg = Debug|Any CPU
		{75A6A8D7-B75E-42AB-8060-179753551F1B}.Debug|Any CPU.Build.0 = Debug|Any CPU
		{75A6A8D7-B75E-42AB-8060-179753551F1B}.Debug|ARM.ActiveCfg = Debug|Any CPU
		{75A6A8D7-B75E-42AB-8060-179753551F1B}.Debug|ARM.Build.0 = Debug|Any CPU
		{75A6A8D7-B75E-42AB-8060-179753551F1B}.Debug|ARM64.ActiveCfg = Debug|Any CPU
		{75A6A8D7-B75E-42AB-8060-179753551F1B}.Debug|ARM64.Build.0 = Debug|Any CPU
		{75A6A8D7-B75E-42AB-8060-179753551F1B}.Debug|x64.ActiveCfg = Debug|Any CPU
		{75A6A8D7-B75E-42AB-8060-179753551F1B}.Debug|x64.Build.0 = Debug|Any CPU
		{75A6A8D7-B75E-42AB-8060-179753551F1B}.Debug|x86.ActiveCfg = Debug|Any CPU
		{75A6A8D7-B75E-42AB-8060-179753551F1B}.Debug|x86.Build.0 = Debug|Any CPU
		{75A6A8D7-B75E-42AB-8060-179753551F1B}.Release|Any CPU.ActiveCfg = Release|Any CPU
		{75A6A8D7-B75E-42AB-8060-179753551F1B}.Release|Any CPU.Build.0 = Release|Any CPU
		{75A6A8D7-B75E-42AB-8060-179753551F1B}.Release|ARM.ActiveCfg = Release|Any CPU
		{75A6A8D7-B75E-42AB-8060-179753551F1B}.Release|ARM.Build.0 = Release|Any CPU
		{75A6A8D7-B75E-42AB-8060-179753551F1B}.Release|ARM64.ActiveCfg = Release|Any CPU
		{75A6A8D7-B75E-42AB-8060-179753551F1B}.Release|ARM64.Build.0 = Release|Any CPU
		{75A6A8D7-B75E-42AB-8060-179753551F1B}.Release|x64.ActiveCfg = Release|Any CPU
		{75A6A8D7-B75E-42AB-8060-179753551F1B}.Release|x64.Build.0 = Release|Any CPU
		{75A6A8D7-B75E-42AB-8060-179753551F1B}.Release|x86.ActiveCfg = Release|Any CPU
		{75A6A8D7-B75E-42AB-8060-179753551F1B}.Release|x86.Build.0 = Release|Any CPU
		{753C23E8-7087-4DD1-94D7-5E0F7254AB9B}.Debug|Any CPU.ActiveCfg = Debug|Any CPU
		{753C23E8-7087-4DD1-94D7-5E0F7254AB9B}.Debug|Any CPU.Build.0 = Debug|Any CPU
		{753C23E8-7087-4DD1-94D7-5E0F7254AB9B}.Debug|ARM.ActiveCfg = Debug|Any CPU
		{753C23E8-7087-4DD1-94D7-5E0F7254AB9B}.Debug|ARM.Build.0 = Debug|Any CPU
		{753C23E8-7087-4DD1-94D7-5E0F7254AB9B}.Debug|ARM64.ActiveCfg = Debug|Any CPU
		{753C23E8-7087-4DD1-94D7-5E0F7254AB9B}.Debug|ARM64.Build.0 = Debug|Any CPU
		{753C23E8-7087-4DD1-94D7-5E0F7254AB9B}.Debug|x64.ActiveCfg = Debug|Any CPU
		{753C23E8-7087-4DD1-94D7-5E0F7254AB9B}.Debug|x64.Build.0 = Debug|Any CPU
		{753C23E8-7087-4DD1-94D7-5E0F7254AB9B}.Debug|x86.ActiveCfg = Debug|Any CPU
		{753C23E8-7087-4DD1-94D7-5E0F7254AB9B}.Debug|x86.Build.0 = Debug|Any CPU
		{753C23E8-7087-4DD1-94D7-5E0F7254AB9B}.Release|Any CPU.ActiveCfg = Release|Any CPU
		{753C23E8-7087-4DD1-94D7-5E0F7254AB9B}.Release|Any CPU.Build.0 = Release|Any CPU
		{753C23E8-7087-4DD1-94D7-5E0F7254AB9B}.Release|ARM.ActiveCfg = Release|Any CPU
		{753C23E8-7087-4DD1-94D7-5E0F7254AB9B}.Release|ARM.Build.0 = Release|Any CPU
		{753C23E8-7087-4DD1-94D7-5E0F7254AB9B}.Release|ARM64.ActiveCfg = Release|Any CPU
		{753C23E8-7087-4DD1-94D7-5E0F7254AB9B}.Release|ARM64.Build.0 = Release|Any CPU
		{753C23E8-7087-4DD1-94D7-5E0F7254AB9B}.Release|x64.ActiveCfg = Release|Any CPU
		{753C23E8-7087-4DD1-94D7-5E0F7254AB9B}.Release|x64.Build.0 = Release|Any CPU
		{753C23E8-7087-4DD1-94D7-5E0F7254AB9B}.Release|x86.ActiveCfg = Release|Any CPU
		{753C23E8-7087-4DD1-94D7-5E0F7254AB9B}.Release|x86.Build.0 = Release|Any CPU
		{0D9CB417-0B9E-40AB-B65C-BDFC8D7D0608}.Debug|Any CPU.ActiveCfg = Debug|Any CPU
		{0D9CB417-0B9E-40AB-B65C-BDFC8D7D0608}.Debug|Any CPU.Build.0 = Debug|Any CPU
		{0D9CB417-0B9E-40AB-B65C-BDFC8D7D0608}.Debug|ARM.ActiveCfg = Debug|Any CPU
		{0D9CB417-0B9E-40AB-B65C-BDFC8D7D0608}.Debug|ARM.Build.0 = Debug|Any CPU
		{0D9CB417-0B9E-40AB-B65C-BDFC8D7D0608}.Debug|ARM64.ActiveCfg = Debug|Any CPU
		{0D9CB417-0B9E-40AB-B65C-BDFC8D7D0608}.Debug|ARM64.Build.0 = Debug|Any CPU
		{0D9CB417-0B9E-40AB-B65C-BDFC8D7D0608}.Debug|x64.ActiveCfg = Debug|Any CPU
		{0D9CB417-0B9E-40AB-B65C-BDFC8D7D0608}.Debug|x64.Build.0 = Debug|Any CPU
		{0D9CB417-0B9E-40AB-B65C-BDFC8D7D0608}.Debug|x86.ActiveCfg = Debug|Any CPU
		{0D9CB417-0B9E-40AB-B65C-BDFC8D7D0608}.Debug|x86.Build.0 = Debug|Any CPU
		{0D9CB417-0B9E-40AB-B65C-BDFC8D7D0608}.Release|Any CPU.ActiveCfg = Release|Any CPU
		{0D9CB417-0B9E-40AB-B65C-BDFC8D7D0608}.Release|Any CPU.Build.0 = Release|Any CPU
		{0D9CB417-0B9E-40AB-B65C-BDFC8D7D0608}.Release|ARM.ActiveCfg = Release|Any CPU
		{0D9CB417-0B9E-40AB-B65C-BDFC8D7D0608}.Release|ARM.Build.0 = Release|Any CPU
		{0D9CB417-0B9E-40AB-B65C-BDFC8D7D0608}.Release|ARM64.ActiveCfg = Release|Any CPU
		{0D9CB417-0B9E-40AB-B65C-BDFC8D7D0608}.Release|ARM64.Build.0 = Release|Any CPU
		{0D9CB417-0B9E-40AB-B65C-BDFC8D7D0608}.Release|x64.ActiveCfg = Release|Any CPU
		{0D9CB417-0B9E-40AB-B65C-BDFC8D7D0608}.Release|x64.Build.0 = Release|Any CPU
		{0D9CB417-0B9E-40AB-B65C-BDFC8D7D0608}.Release|x86.ActiveCfg = Release|Any CPU
		{0D9CB417-0B9E-40AB-B65C-BDFC8D7D0608}.Release|x86.Build.0 = Release|Any CPU
		{BFC2366A-A5FE-462F-852F-25F09326423B}.Debug|Any CPU.ActiveCfg = Debug|Any CPU
		{BFC2366A-A5FE-462F-852F-25F09326423B}.Debug|Any CPU.Build.0 = Debug|Any CPU
		{BFC2366A-A5FE-462F-852F-25F09326423B}.Debug|ARM.ActiveCfg = Debug|Any CPU
		{BFC2366A-A5FE-462F-852F-25F09326423B}.Debug|ARM.Build.0 = Debug|Any CPU
		{BFC2366A-A5FE-462F-852F-25F09326423B}.Debug|ARM64.ActiveCfg = Debug|Any CPU
		{BFC2366A-A5FE-462F-852F-25F09326423B}.Debug|ARM64.Build.0 = Debug|Any CPU
		{BFC2366A-A5FE-462F-852F-25F09326423B}.Debug|x64.ActiveCfg = Debug|Any CPU
		{BFC2366A-A5FE-462F-852F-25F09326423B}.Debug|x64.Build.0 = Debug|Any CPU
		{BFC2366A-A5FE-462F-852F-25F09326423B}.Debug|x86.ActiveCfg = Debug|Any CPU
		{BFC2366A-A5FE-462F-852F-25F09326423B}.Debug|x86.Build.0 = Debug|Any CPU
		{BFC2366A-A5FE-462F-852F-25F09326423B}.Release|Any CPU.ActiveCfg = Release|Any CPU
		{BFC2366A-A5FE-462F-852F-25F09326423B}.Release|Any CPU.Build.0 = Release|Any CPU
		{BFC2366A-A5FE-462F-852F-25F09326423B}.Release|ARM.ActiveCfg = Release|Any CPU
		{BFC2366A-A5FE-462F-852F-25F09326423B}.Release|ARM.Build.0 = Release|Any CPU
		{BFC2366A-A5FE-462F-852F-25F09326423B}.Release|ARM64.ActiveCfg = Release|Any CPU
		{BFC2366A-A5FE-462F-852F-25F09326423B}.Release|ARM64.Build.0 = Release|Any CPU
		{BFC2366A-A5FE-462F-852F-25F09326423B}.Release|x64.ActiveCfg = Release|Any CPU
		{BFC2366A-A5FE-462F-852F-25F09326423B}.Release|x64.Build.0 = Release|Any CPU
		{BFC2366A-A5FE-462F-852F-25F09326423B}.Release|x86.ActiveCfg = Release|Any CPU
		{BFC2366A-A5FE-462F-852F-25F09326423B}.Release|x86.Build.0 = Release|Any CPU
		{D9F8B4AE-EB16-4DC9-BA3E-BDCFAD0DEC9F}.Debug|Any CPU.ActiveCfg = Debug|Any CPU
		{D9F8B4AE-EB16-4DC9-BA3E-BDCFAD0DEC9F}.Debug|Any CPU.Build.0 = Debug|Any CPU
		{D9F8B4AE-EB16-4DC9-BA3E-BDCFAD0DEC9F}.Debug|ARM.ActiveCfg = Debug|Any CPU
		{D9F8B4AE-EB16-4DC9-BA3E-BDCFAD0DEC9F}.Debug|ARM.Build.0 = Debug|Any CPU
		{D9F8B4AE-EB16-4DC9-BA3E-BDCFAD0DEC9F}.Debug|ARM64.ActiveCfg = Debug|Any CPU
		{D9F8B4AE-EB16-4DC9-BA3E-BDCFAD0DEC9F}.Debug|ARM64.Build.0 = Debug|Any CPU
		{D9F8B4AE-EB16-4DC9-BA3E-BDCFAD0DEC9F}.Debug|x64.ActiveCfg = Debug|Any CPU
		{D9F8B4AE-EB16-4DC9-BA3E-BDCFAD0DEC9F}.Debug|x64.Build.0 = Debug|Any CPU
		{D9F8B4AE-EB16-4DC9-BA3E-BDCFAD0DEC9F}.Debug|x86.ActiveCfg = Debug|Any CPU
		{D9F8B4AE-EB16-4DC9-BA3E-BDCFAD0DEC9F}.Debug|x86.Build.0 = Debug|Any CPU
		{D9F8B4AE-EB16-4DC9-BA3E-BDCFAD0DEC9F}.Release|Any CPU.ActiveCfg = Release|Any CPU
		{D9F8B4AE-EB16-4DC9-BA3E-BDCFAD0DEC9F}.Release|Any CPU.Build.0 = Release|Any CPU
		{D9F8B4AE-EB16-4DC9-BA3E-BDCFAD0DEC9F}.Release|ARM.ActiveCfg = Release|Any CPU
		{D9F8B4AE-EB16-4DC9-BA3E-BDCFAD0DEC9F}.Release|ARM.Build.0 = Release|Any CPU
		{D9F8B4AE-EB16-4DC9-BA3E-BDCFAD0DEC9F}.Release|ARM64.ActiveCfg = Release|Any CPU
		{D9F8B4AE-EB16-4DC9-BA3E-BDCFAD0DEC9F}.Release|ARM64.Build.0 = Release|Any CPU
		{D9F8B4AE-EB16-4DC9-BA3E-BDCFAD0DEC9F}.Release|x64.ActiveCfg = Release|Any CPU
		{D9F8B4AE-EB16-4DC9-BA3E-BDCFAD0DEC9F}.Release|x64.Build.0 = Release|Any CPU
		{D9F8B4AE-EB16-4DC9-BA3E-BDCFAD0DEC9F}.Release|x86.ActiveCfg = Release|Any CPU
		{D9F8B4AE-EB16-4DC9-BA3E-BDCFAD0DEC9F}.Release|x86.Build.0 = Release|Any CPU
		{E8EE29AE-FF6A-4E41-8AF0-5A15FDA1FC5E}.Debug|Any CPU.ActiveCfg = Debug|Any CPU
		{E8EE29AE-FF6A-4E41-8AF0-5A15FDA1FC5E}.Debug|Any CPU.Build.0 = Debug|Any CPU
		{E8EE29AE-FF6A-4E41-8AF0-5A15FDA1FC5E}.Debug|ARM.ActiveCfg = Debug|Any CPU
		{E8EE29AE-FF6A-4E41-8AF0-5A15FDA1FC5E}.Debug|ARM.Build.0 = Debug|Any CPU
		{E8EE29AE-FF6A-4E41-8AF0-5A15FDA1FC5E}.Debug|ARM64.ActiveCfg = Debug|Any CPU
		{E8EE29AE-FF6A-4E41-8AF0-5A15FDA1FC5E}.Debug|ARM64.Build.0 = Debug|Any CPU
		{E8EE29AE-FF6A-4E41-8AF0-5A15FDA1FC5E}.Debug|x64.ActiveCfg = Debug|Any CPU
		{E8EE29AE-FF6A-4E41-8AF0-5A15FDA1FC5E}.Debug|x64.Build.0 = Debug|Any CPU
		{E8EE29AE-FF6A-4E41-8AF0-5A15FDA1FC5E}.Debug|x86.ActiveCfg = Debug|Any CPU
		{E8EE29AE-FF6A-4E41-8AF0-5A15FDA1FC5E}.Debug|x86.Build.0 = Debug|Any CPU
		{E8EE29AE-FF6A-4E41-8AF0-5A15FDA1FC5E}.Release|Any CPU.ActiveCfg = Release|Any CPU
		{E8EE29AE-FF6A-4E41-8AF0-5A15FDA1FC5E}.Release|Any CPU.Build.0 = Release|Any CPU
		{E8EE29AE-FF6A-4E41-8AF0-5A15FDA1FC5E}.Release|ARM.ActiveCfg = Release|Any CPU
		{E8EE29AE-FF6A-4E41-8AF0-5A15FDA1FC5E}.Release|ARM.Build.0 = Release|Any CPU
		{E8EE29AE-FF6A-4E41-8AF0-5A15FDA1FC5E}.Release|ARM64.ActiveCfg = Release|Any CPU
		{E8EE29AE-FF6A-4E41-8AF0-5A15FDA1FC5E}.Release|ARM64.Build.0 = Release|Any CPU
		{E8EE29AE-FF6A-4E41-8AF0-5A15FDA1FC5E}.Release|x64.ActiveCfg = Release|Any CPU
		{E8EE29AE-FF6A-4E41-8AF0-5A15FDA1FC5E}.Release|x64.Build.0 = Release|Any CPU
		{E8EE29AE-FF6A-4E41-8AF0-5A15FDA1FC5E}.Release|x86.ActiveCfg = Release|Any CPU
		{E8EE29AE-FF6A-4E41-8AF0-5A15FDA1FC5E}.Release|x86.Build.0 = Release|Any CPU
	EndGlobalSection
	GlobalSection(SolutionProperties) = preSolution
		HideSolutionNode = FALSE
	EndGlobalSection
	GlobalSection(NestedProjects) = preSolution
		{BF5C5A9D-ACA3-4C7A-AE3C-DFD7481067B4} = {6B145185-F0A7-41BE-9AF3-A78DCEE21A7F}
		{75A6A8D7-B75E-42AB-8060-179753551F1B} = {4E55B57D-D090-47F6-8D41-0AA27427FC92}
		{753C23E8-7087-4DD1-94D7-5E0F7254AB9B} = {4E55B57D-D090-47F6-8D41-0AA27427FC92}
		{0D9CB417-0B9E-40AB-B65C-BDFC8D7D0608} = {4E55B57D-D090-47F6-8D41-0AA27427FC92}
		{BFC2366A-A5FE-462F-852F-25F09326423B} = {4E55B57D-D090-47F6-8D41-0AA27427FC92}
		{D9F8B4AE-EB16-4DC9-BA3E-BDCFAD0DEC9F} = {4E55B57D-D090-47F6-8D41-0AA27427FC92}
		{E8EE29AE-FF6A-4E41-8AF0-5A15FDA1FC5E} = {165B9FA3-9BD2-4D48-8289-25A94CA5DD14}
	EndGlobalSection
	GlobalSection(ExtensibilityGlobals) = postSolution
		SolutionGuid = {BF35D4AA-6211-4EAF-A24A-5087ED87526C}
	EndGlobalSection
EndGlobal
