
Microsoft Visual Studio Solution File, Format Version 12.00
# Visual Studio Version 16
VisualStudioVersion = 16.0.30611.23
MinimumVisualStudioVersion = 10.0.40219.1
Project("{FAE04EC0-301F-11D3-BF4B-00C04F79EFBC}") = "CryptoCoin.Uwp", "CryptoCoin.Uwp\CryptoCoin.Uwp.csproj", "{2AACEC6F-5986-4B36-BEED-116375E37FF9}"
EndProject
Project("{2150E333-8FDC-42A3-9474-1A3956D46DE8}") = "Clients", "Clients", "{67CC0CCC-47B1-4CCF-BA35-E83905784B19}"
EndProject
Project("{2150E333-8FDC-42A3-9474-1A3956D46DE8}") = "Utilities", "Utilities", "{A60B9BB7-02EC-4864-AE4A-A72034FADD1E}"
EndProject
Project("{2150E333-8FDC-42A3-9474-1A3956D46DE8}") = "Domain", "Domain", "{56FEE03E-89E2-4829-8EA2-8B4F1C1F7894}"
EndProject
Project("{2150E333-8FDC-42A3-9474-1A3956D46DE8}") = "Tests", "Tests", "{FA73A514-166E-494C-8CAF-3679E051D70B}"
EndProject
Project("{FAE04EC0-301F-11D3-BF4B-00C04F79EFBC}") = "CryptoCoin.Tests.ViewModels", "CryptoCoin.Tests.ViewModels\CryptoCoin.Tests.ViewModels.csproj", "{353F9120-1EEB-47FE-A5A5-8C2FD3B8CDEB}"
EndProject
Project("{FAE04EC0-301F-11D3-BF4B-00C04F79EFBC}") = "CryptoCoin.Utilities.Common", "CryptoCoin.Utilities.Common\CryptoCoin.Utilities.Common.csproj", "{1F778651-B47F-4180-B126-82E6A485AD2B}"
EndProject
Project("{FAE04EC0-301F-11D3-BF4B-00C04F79EFBC}") = "CryptoCoin.Utilities.Constants", "CryptoCoin.Utilities.Constants\CryptoCoin.Utilities.Constants.csproj", "{8B856AC8-7AC8-4CB1-A3AD-307ABD13C14C}"
EndProject
Project("{FAE04EC0-301F-11D3-BF4B-00C04F79EFBC}") = "CryptoCoin.Utilities.Extensions", "CryptoCoin.Utilities.Extensions\CryptoCoin.Utilities.Extensions.csproj", "{20F52A22-BA0F-404C-A1AE-D42674E220C2}"
EndProject
Project("{FAE04EC0-301F-11D3-BF4B-00C04F79EFBC}") = "CryptoCoin.Utilities.Services", "CryptoCoin.Utilities.Services\CryptoCoin.Utilities.Services.csproj", "{9E75C734-176E-4561-8EB6-C7BE2D7B5E22}"
EndProject
Project("{FAE04EC0-301F-11D3-BF4B-00C04F79EFBC}") = "CryptoCoin.Utilities.Collections", "CryptoCoin.Utilities.Collections\CryptoCoin.Utilities.Collections.csproj", "{040FAC04-CE9E-4E52-B59A-F23985150589}"
EndProject
Project("{2150E333-8FDC-42A3-9474-1A3956D46DE8}") = "Data", "Data", "{BC3E79EE-DC89-4E19-88AA-1420122E052E}"
EndProject
Project("{2150E333-8FDC-42A3-9474-1A3956D46DE8}") = "Web", "Web", "{F32788DA-2B41-4C59-B947-5CED6246E0AD}"
EndProject
Project("{FAE04EC0-301F-11D3-BF4B-00C04F79EFBC}") = "CryptoCoin.Web.Consumer", "CryptoCoin.Web.Consumer\CryptoCoin.Web.Consumer.csproj", "{AE84C3C8-48D5-4333-89B0-AB7F3D48BADC}"
EndProject
Global
	GlobalSection(SolutionConfigurationPlatforms) = preSolution
		Debug|Any CPU = Debug|Any CPU
		Debug|ARM = Debug|ARM
		Debug|ARM64 = Debug|ARM64
		Debug|x64 = Debug|x64
		Debug|x86 = Debug|x86
		Release|Any CPU = Release|Any CPU
		Release|ARM = Release|ARM
		Release|ARM64 = Release|ARM64
		Release|x64 = Release|x64
		Release|x86 = Release|x86
	EndGlobalSection
	GlobalSection(ProjectConfigurationPlatforms) = postSolution
		{2AACEC6F-5986-4B36-BEED-116375E37FF9}.Debug|Any CPU.ActiveCfg = Debug|x86
		{2AACEC6F-5986-4B36-BEED-116375E37FF9}.Debug|ARM.ActiveCfg = Debug|ARM
		{2AACEC6F-5986-4B36-BEED-116375E37FF9}.Debug|ARM.Build.0 = Debug|ARM
		{2AACEC6F-5986-4B36-BEED-116375E37FF9}.Debug|ARM.Deploy.0 = Debug|ARM
		{2AACEC6F-5986-4B36-BEED-116375E37FF9}.Debug|ARM64.ActiveCfg = Debug|ARM64
		{2AACEC6F-5986-4B36-BEED-116375E37FF9}.Debug|ARM64.Build.0 = Debug|ARM64
		{2AACEC6F-5986-4B36-BEED-116375E37FF9}.Debug|ARM64.Deploy.0 = Debug|ARM64
		{2AACEC6F-5986-4B36-BEED-116375E37FF9}.Debug|x64.ActiveCfg = Debug|x64
		{2AACEC6F-5986-4B36-BEED-116375E37FF9}.Debug|x64.Build.0 = Debug|x64
		{2AACEC6F-5986-4B36-BEED-116375E37FF9}.Debug|x64.Deploy.0 = Debug|x64
		{2AACEC6F-5986-4B36-BEED-116375E37FF9}.Debug|x86.ActiveCfg = Debug|x86
		{2AACEC6F-5986-4B36-BEED-116375E37FF9}.Debug|x86.Build.0 = Debug|x86
		{2AACEC6F-5986-4B36-BEED-116375E37FF9}.Debug|x86.Deploy.0 = Debug|x86
		{2AACEC6F-5986-4B36-BEED-116375E37FF9}.Release|Any CPU.ActiveCfg = Release|x86
		{2AACEC6F-5986-4B36-BEED-116375E37FF9}.Release|ARM.ActiveCfg = Release|ARM
		{2AACEC6F-5986-4B36-BEED-116375E37FF9}.Release|ARM.Build.0 = Release|ARM
		{2AACEC6F-5986-4B36-BEED-116375E37FF9}.Release|ARM.Deploy.0 = Release|ARM
		{2AACEC6F-5986-4B36-BEED-116375E37FF9}.Release|ARM64.ActiveCfg = Release|ARM64
		{2AACEC6F-5986-4B36-BEED-116375E37FF9}.Release|ARM64.Build.0 = Release|ARM64
		{2AACEC6F-5986-4B36-BEED-116375E37FF9}.Release|ARM64.Deploy.0 = Release|ARM64
		{2AACEC6F-5986-4B36-BEED-116375E37FF9}.Release|x64.ActiveCfg = Release|x64
		{2AACEC6F-5986-4B36-BEED-116375E37FF9}.Release|x64.Build.0 = Release|x64
		{2AACEC6F-5986-4B36-BEED-116375E37FF9}.Release|x64.Deploy.0 = Release|x64
		{2AACEC6F-5986-4B36-BEED-116375E37FF9}.Release|x86.ActiveCfg = Release|x86
		{2AACEC6F-5986-4B36-BEED-116375E37FF9}.Release|x86.Build.0 = Release|x86
		{2AACEC6F-5986-4B36-BEED-116375E37FF9}.Release|x86.Deploy.0 = Release|x86
		{353F9120-1EEB-47FE-A5A5-8C2FD3B8CDEB}.Debug|Any CPU.ActiveCfg = Debug|x86
		{353F9120-1EEB-47FE-A5A5-8C2FD3B8CDEB}.Debug|ARM.ActiveCfg = Debug|ARM
		{353F9120-1EEB-47FE-A5A5-8C2FD3B8CDEB}.Debug|ARM.Build.0 = Debug|ARM
		{353F9120-1EEB-47FE-A5A5-8C2FD3B8CDEB}.Debug|ARM.Deploy.0 = Debug|ARM
		{353F9120-1EEB-47FE-A5A5-8C2FD3B8CDEB}.Debug|ARM64.ActiveCfg = Debug|ARM64
		{353F9120-1EEB-47FE-A5A5-8C2FD3B8CDEB}.Debug|ARM64.Build.0 = Debug|ARM64
		{353F9120-1EEB-47FE-A5A5-8C2FD3B8CDEB}.Debug|ARM64.Deploy.0 = Debug|ARM64
		{353F9120-1EEB-47FE-A5A5-8C2FD3B8CDEB}.Debug|x64.ActiveCfg = Debug|x64
		{353F9120-1EEB-47FE-A5A5-8C2FD3B8CDEB}.Debug|x64.Build.0 = Debug|x64
		{353F9120-1EEB-47FE-A5A5-8C2FD3B8CDEB}.Debug|x64.Deploy.0 = Debug|x64
		{353F9120-1EEB-47FE-A5A5-8C2FD3B8CDEB}.Debug|x86.ActiveCfg = Debug|x86
		{353F9120-1EEB-47FE-A5A5-8C2FD3B8CDEB}.Debug|x86.Build.0 = Debug|x86
		{353F9120-1EEB-47FE-A5A5-8C2FD3B8CDEB}.Debug|x86.Deploy.0 = Debug|x86
		{353F9120-1EEB-47FE-A5A5-8C2FD3B8CDEB}.Release|Any CPU.ActiveCfg = Release|x86
		{353F9120-1EEB-47FE-A5A5-8C2FD3B8CDEB}.Release|ARM.ActiveCfg = Release|ARM
		{353F9120-1EEB-47FE-A5A5-8C2FD3B8CDEB}.Release|ARM.Build.0 = Release|ARM
		{353F9120-1EEB-47FE-A5A5-8C2FD3B8CDEB}.Release|ARM.Deploy.0 = Release|ARM
		{353F9120-1EEB-47FE-A5A5-8C2FD3B8CDEB}.Release|ARM64.ActiveCfg = Release|ARM64
		{353F9120-1EEB-47FE-A5A5-8C2FD3B8CDEB}.Release|ARM64.Build.0 = Release|ARM64
		{353F9120-1EEB-47FE-A5A5-8C2FD3B8CDEB}.Release|ARM64.Deploy.0 = Release|ARM64
		{353F9120-1EEB-47FE-A5A5-8C2FD3B8CDEB}.Release|x64.ActiveCfg = Release|x64
		{353F9120-1EEB-47FE-A5A5-8C2FD3B8CDEB}.Release|x64.Build.0 = Release|x64
		{353F9120-1EEB-47FE-A5A5-8C2FD3B8CDEB}.Release|x64.Deploy.0 = Release|x64
		{353F9120-1EEB-47FE-A5A5-8C2FD3B8CDEB}.Release|x86.ActiveCfg = Release|x86
		{353F9120-1EEB-47FE-A5A5-8C2FD3B8CDEB}.Release|x86.Build.0 = Release|x86
		{353F9120-1EEB-47FE-A5A5-8C2FD3B8CDEB}.Release|x86.Deploy.0 = Release|x86
		{1F778651-B47F-4180-B126-82E6A485AD2B}.Debug|Any CPU.ActiveCfg = Debug|Any CPU
		{1F778651-B47F-4180-B126-82E6A485AD2B}.Debug|Any CPU.Build.0 = Debug|Any CPU
		{1F778651-B47F-4180-B126-82E6A485AD2B}.Debug|ARM.ActiveCfg = Debug|Any CPU
		{1F778651-B47F-4180-B126-82E6A485AD2B}.Debug|ARM.Build.0 = Debug|Any CPU
		{1F778651-B47F-4180-B126-82E6A485AD2B}.Debug|ARM64.ActiveCfg = Debug|Any CPU
		{1F778651-B47F-4180-B126-82E6A485AD2B}.Debug|ARM64.Build.0 = Debug|Any CPU
		{1F778651-B47F-4180-B126-82E6A485AD2B}.Debug|x64.ActiveCfg = Debug|Any CPU
		{1F778651-B47F-4180-B126-82E6A485AD2B}.Debug|x64.Build.0 = Debug|Any CPU
		{1F778651-B47F-4180-B126-82E6A485AD2B}.Debug|x86.ActiveCfg = Debug|Any CPU
		{1F778651-B47F-4180-B126-82E6A485AD2B}.Debug|x86.Build.0 = Debug|Any CPU
		{1F778651-B47F-4180-B126-82E6A485AD2B}.Release|Any CPU.ActiveCfg = Release|Any CPU
		{1F778651-B47F-4180-B126-82E6A485AD2B}.Release|Any CPU.Build.0 = Release|Any CPU
		{1F778651-B47F-4180-B126-82E6A485AD2B}.Release|ARM.ActiveCfg = Release|Any CPU
		{1F778651-B47F-4180-B126-82E6A485AD2B}.Release|ARM.Build.0 = Release|Any CPU
		{1F778651-B47F-4180-B126-82E6A485AD2B}.Release|ARM64.ActiveCfg = Release|Any CPU
		{1F778651-B47F-4180-B126-82E6A485AD2B}.Release|ARM64.Build.0 = Release|Any CPU
		{1F778651-B47F-4180-B126-82E6A485AD2B}.Release|x64.ActiveCfg = Release|Any CPU
		{1F778651-B47F-4180-B126-82E6A485AD2B}.Release|x64.Build.0 = Release|Any CPU
		{1F778651-B47F-4180-B126-82E6A485AD2B}.Release|x86.ActiveCfg = Release|Any CPU
		{1F778651-B47F-4180-B126-82E6A485AD2B}.Release|x86.Build.0 = Release|Any CPU
		{8B856AC8-7AC8-4CB1-A3AD-307ABD13C14C}.Debug|Any CPU.ActiveCfg = Debug|Any CPU
		{8B856AC8-7AC8-4CB1-A3AD-307ABD13C14C}.Debug|Any CPU.Build.0 = Debug|Any CPU
		{8B856AC8-7AC8-4CB1-A3AD-307ABD13C14C}.Debug|ARM.ActiveCfg = Debug|Any CPU
		{8B856AC8-7AC8-4CB1-A3AD-307ABD13C14C}.Debug|ARM.Build.0 = Debug|Any CPU
		{8B856AC8-7AC8-4CB1-A3AD-307ABD13C14C}.Debug|ARM64.ActiveCfg = Debug|Any CPU
		{8B856AC8-7AC8-4CB1-A3AD-307ABD13C14C}.Debug|ARM64.Build.0 = Debug|Any CPU
		{8B856AC8-7AC8-4CB1-A3AD-307ABD13C14C}.Debug|x64.ActiveCfg = Debug|Any CPU
		{8B856AC8-7AC8-4CB1-A3AD-307ABD13C14C}.Debug|x64.Build.0 = Debug|Any CPU
		{8B856AC8-7AC8-4CB1-A3AD-307ABD13C14C}.Debug|x86.ActiveCfg = Debug|Any CPU
		{8B856AC8-7AC8-4CB1-A3AD-307ABD13C14C}.Debug|x86.Build.0 = Debug|Any CPU
		{8B856AC8-7AC8-4CB1-A3AD-307ABD13C14C}.Release|Any CPU.ActiveCfg = Release|Any CPU
		{8B856AC8-7AC8-4CB1-A3AD-307ABD13C14C}.Release|Any CPU.Build.0 = Release|Any CPU
		{8B856AC8-7AC8-4CB1-A3AD-307ABD13C14C}.Release|ARM.ActiveCfg = Release|Any CPU
		{8B856AC8-7AC8-4CB1-A3AD-307ABD13C14C}.Release|ARM.Build.0 = Release|Any CPU
		{8B856AC8-7AC8-4CB1-A3AD-307ABD13C14C}.Release|ARM64.ActiveCfg = Release|Any CPU
		{8B856AC8-7AC8-4CB1-A3AD-307ABD13C14C}.Release|ARM64.Build.0 = Release|Any CPU
		{8B856AC8-7AC8-4CB1-A3AD-307ABD13C14C}.Release|x64.ActiveCfg = Release|Any CPU
		{8B856AC8-7AC8-4CB1-A3AD-307ABD13C14C}.Release|x64.Build.0 = Release|Any CPU
		{8B856AC8-7AC8-4CB1-A3AD-307ABD13C14C}.Release|x86.ActiveCfg = Release|Any CPU
		{8B856AC8-7AC8-4CB1-A3AD-307ABD13C14C}.Release|x86.Build.0 = Release|Any CPU
		{20F52A22-BA0F-404C-A1AE-D42674E220C2}.Debug|Any CPU.ActiveCfg = Debug|Any CPU
		{20F52A22-BA0F-404C-A1AE-D42674E220C2}.Debug|Any CPU.Build.0 = Debug|Any CPU
		{20F52A22-BA0F-404C-A1AE-D42674E220C2}.Debug|ARM.ActiveCfg = Debug|Any CPU
		{20F52A22-BA0F-404C-A1AE-D42674E220C2}.Debug|ARM.Build.0 = Debug|Any CPU
		{20F52A22-BA0F-404C-A1AE-D42674E220C2}.Debug|ARM64.ActiveCfg = Debug|Any CPU
		{20F52A22-BA0F-404C-A1AE-D42674E220C2}.Debug|ARM64.Build.0 = Debug|Any CPU
		{20F52A22-BA0F-404C-A1AE-D42674E220C2}.Debug|x64.ActiveCfg = Debug|Any CPU
		{20F52A22-BA0F-404C-A1AE-D42674E220C2}.Debug|x64.Build.0 = Debug|Any CPU
		{20F52A22-BA0F-404C-A1AE-D42674E220C2}.Debug|x86.ActiveCfg = Debug|Any CPU
		{20F52A22-BA0F-404C-A1AE-D42674E220C2}.Debug|x86.Build.0 = Debug|Any CPU
		{20F52A22-BA0F-404C-A1AE-D42674E220C2}.Release|Any CPU.ActiveCfg = Release|Any CPU
		{20F52A22-BA0F-404C-A1AE-D42674E220C2}.Release|Any CPU.Build.0 = Release|Any CPU
		{20F52A22-BA0F-404C-A1AE-D42674E220C2}.Release|ARM.ActiveCfg = Release|Any CPU
		{20F52A22-BA0F-404C-A1AE-D42674E220C2}.Release|ARM.Build.0 = Release|Any CPU
		{20F52A22-BA0F-404C-A1AE-D42674E220C2}.Release|ARM64.ActiveCfg = Release|Any CPU
		{20F52A22-BA0F-404C-A1AE-D42674E220C2}.Release|ARM64.Build.0 = Release|Any CPU
		{20F52A22-BA0F-404C-A1AE-D42674E220C2}.Release|x64.ActiveCfg = Release|Any CPU
		{20F52A22-BA0F-404C-A1AE-D42674E220C2}.Release|x64.Build.0 = Release|Any CPU
		{20F52A22-BA0F-404C-A1AE-D42674E220C2}.Release|x86.ActiveCfg = Release|Any CPU
		{20F52A22-BA0F-404C-A1AE-D42674E220C2}.Release|x86.Build.0 = Release|Any CPU
		{9E75C734-176E-4561-8EB6-C7BE2D7B5E22}.Debug|Any CPU.ActiveCfg = Debug|Any CPU
		{9E75C734-176E-4561-8EB6-C7BE2D7B5E22}.Debug|Any CPU.Build.0 = Debug|Any CPU
		{9E75C734-176E-4561-8EB6-C7BE2D7B5E22}.Debug|ARM.ActiveCfg = Debug|Any CPU
		{9E75C734-176E-4561-8EB6-C7BE2D7B5E22}.Debug|ARM.Build.0 = Debug|Any CPU
		{9E75C734-176E-4561-8EB6-C7BE2D7B5E22}.Debug|ARM64.ActiveCfg = Debug|Any CPU
		{9E75C734-176E-4561-8EB6-C7BE2D7B5E22}.Debug|ARM64.Build.0 = Debug|Any CPU
		{9E75C734-176E-4561-8EB6-C7BE2D7B5E22}.Debug|x64.ActiveCfg = Debug|Any CPU
		{9E75C734-176E-4561-8EB6-C7BE2D7B5E22}.Debug|x64.Build.0 = Debug|Any CPU
		{9E75C734-176E-4561-8EB6-C7BE2D7B5E22}.Debug|x86.ActiveCfg = Debug|Any CPU
		{9E75C734-176E-4561-8EB6-C7BE2D7B5E22}.Debug|x86.Build.0 = Debug|Any CPU
		{9E75C734-176E-4561-8EB6-C7BE2D7B5E22}.Release|Any CPU.ActiveCfg = Release|Any CPU
		{9E75C734-176E-4561-8EB6-C7BE2D7B5E22}.Release|Any CPU.Build.0 = Release|Any CPU
		{9E75C734-176E-4561-8EB6-C7BE2D7B5E22}.Release|ARM.ActiveCfg = Release|Any CPU
		{9E75C734-176E-4561-8EB6-C7BE2D7B5E22}.Release|ARM.Build.0 = Release|Any CPU
		{9E75C734-176E-4561-8EB6-C7BE2D7B5E22}.Release|ARM64.ActiveCfg = Release|Any CPU
		{9E75C734-176E-4561-8EB6-C7BE2D7B5E22}.Release|ARM64.Build.0 = Release|Any CPU
		{9E75C734-176E-4561-8EB6-C7BE2D7B5E22}.Release|x64.ActiveCfg = Release|Any CPU
		{9E75C734-176E-4561-8EB6-C7BE2D7B5E22}.Release|x64.Build.0 = Release|Any CPU
		{9E75C734-176E-4561-8EB6-C7BE2D7B5E22}.Release|x86.ActiveCfg = Release|Any CPU
		{9E75C734-176E-4561-8EB6-C7BE2D7B5E22}.Release|x86.Build.0 = Release|Any CPU
		{040FAC04-CE9E-4E52-B59A-F23985150589}.Debug|Any CPU.ActiveCfg = Debug|Any CPU
		{040FAC04-CE9E-4E52-B59A-F23985150589}.Debug|Any CPU.Build.0 = Debug|Any CPU
		{040FAC04-CE9E-4E52-B59A-F23985150589}.Debug|ARM.ActiveCfg = Debug|Any CPU
		{040FAC04-CE9E-4E52-B59A-F23985150589}.Debug|ARM.Build.0 = Debug|Any CPU
		{040FAC04-CE9E-4E52-B59A-F23985150589}.Debug|ARM64.ActiveCfg = Debug|Any CPU
		{040FAC04-CE9E-4E52-B59A-F23985150589}.Debug|ARM64.Build.0 = Debug|Any CPU
		{040FAC04-CE9E-4E52-B59A-F23985150589}.Debug|x64.ActiveCfg = Debug|Any CPU
		{040FAC04-CE9E-4E52-B59A-F23985150589}.Debug|x64.Build.0 = Debug|Any CPU
		{040FAC04-CE9E-4E52-B59A-F23985150589}.Debug|x86.ActiveCfg = Debug|Any CPU
		{040FAC04-CE9E-4E52-B59A-F23985150589}.Debug|x86.Build.0 = Debug|Any CPU
		{040FAC04-CE9E-4E52-B59A-F23985150589}.Release|Any CPU.ActiveCfg = Release|Any CPU
		{040FAC04-CE9E-4E52-B59A-F23985150589}.Release|Any CPU.Build.0 = Release|Any CPU
		{040FAC04-CE9E-4E52-B59A-F23985150589}.Release|ARM.ActiveCfg = Release|Any CPU
		{040FAC04-CE9E-4E52-B59A-F23985150589}.Release|ARM.Build.0 = Release|Any CPU
		{040FAC04-CE9E-4E52-B59A-F23985150589}.Release|ARM64.ActiveCfg = Release|Any CPU
		{040FAC04-CE9E-4E52-B59A-F23985150589}.Release|ARM64.Build.0 = Release|Any CPU
		{040FAC04-CE9E-4E52-B59A-F23985150589}.Release|x64.ActiveCfg = Release|Any CPU
		{040FAC04-CE9E-4E52-B59A-F23985150589}.Release|x64.Build.0 = Release|Any CPU
		{040FAC04-CE9E-4E52-B59A-F23985150589}.Release|x86.ActiveCfg = Release|Any CPU
		{040FAC04-CE9E-4E52-B59A-F23985150589}.Release|x86.Build.0 = Release|Any CPU
		{AE84C3C8-48D5-4333-89B0-AB7F3D48BADC}.Debug|Any CPU.ActiveCfg = Debug|Any CPU
		{AE84C3C8-48D5-4333-89B0-AB7F3D48BADC}.Debug|Any CPU.Build.0 = Debug|Any CPU
		{AE84C3C8-48D5-4333-89B0-AB7F3D48BADC}.Debug|ARM.ActiveCfg = Debug|Any CPU
		{AE84C3C8-48D5-4333-89B0-AB7F3D48BADC}.Debug|ARM.Build.0 = Debug|Any CPU
		{AE84C3C8-48D5-4333-89B0-AB7F3D48BADC}.Debug|ARM64.ActiveCfg = Debug|Any CPU
		{AE84C3C8-48D5-4333-89B0-AB7F3D48BADC}.Debug|ARM64.Build.0 = Debug|Any CPU
		{AE84C3C8-48D5-4333-89B0-AB7F3D48BADC}.Debug|x64.ActiveCfg = Debug|Any CPU
		{AE84C3C8-48D5-4333-89B0-AB7F3D48BADC}.Debug|x64.Build.0 = Debug|Any CPU
		{AE84C3C8-48D5-4333-89B0-AB7F3D48BADC}.Debug|x86.ActiveCfg = Debug|Any CPU
		{AE84C3C8-48D5-4333-89B0-AB7F3D48BADC}.Debug|x86.Build.0 = Debug|Any CPU
		{AE84C3C8-48D5-4333-89B0-AB7F3D48BADC}.Release|Any CPU.ActiveCfg = Release|Any CPU
		{AE84C3C8-48D5-4333-89B0-AB7F3D48BADC}.Release|Any CPU.Build.0 = Release|Any CPU
		{AE84C3C8-48D5-4333-89B0-AB7F3D48BADC}.Release|ARM.ActiveCfg = Release|Any CPU
		{AE84C3C8-48D5-4333-89B0-AB7F3D48BADC}.Release|ARM.Build.0 = Release|Any CPU
		{AE84C3C8-48D5-4333-89B0-AB7F3D48BADC}.Release|ARM64.ActiveCfg = Release|Any CPU
		{AE84C3C8-48D5-4333-89B0-AB7F3D48BADC}.Release|ARM64.Build.0 = Release|Any CPU
		{AE84C3C8-48D5-4333-89B0-AB7F3D48BADC}.Release|x64.ActiveCfg = Release|Any CPU
		{AE84C3C8-48D5-4333-89B0-AB7F3D48BADC}.Release|x64.Build.0 = Release|Any CPU
		{AE84C3C8-48D5-4333-89B0-AB7F3D48BADC}.Release|x86.ActiveCfg = Release|Any CPU
		{AE84C3C8-48D5-4333-89B0-AB7F3D48BADC}.Release|x86.Build.0 = Release|Any CPU
	EndGlobalSection
	GlobalSection(SolutionProperties) = preSolution
		HideSolutionNode = FALSE
	EndGlobalSection
	GlobalSection(NestedProjects) = preSolution
		{2AACEC6F-5986-4B36-BEED-116375E37FF9} = {67CC0CCC-47B1-4CCF-BA35-E83905784B19}
		{353F9120-1EEB-47FE-A5A5-8C2FD3B8CDEB} = {FA73A514-166E-494C-8CAF-3679E051D70B}
		{1F778651-B47F-4180-B126-82E6A485AD2B} = {A60B9BB7-02EC-4864-AE4A-A72034FADD1E}
		{8B856AC8-7AC8-4CB1-A3AD-307ABD13C14C} = {A60B9BB7-02EC-4864-AE4A-A72034FADD1E}
		{20F52A22-BA0F-404C-A1AE-D42674E220C2} = {A60B9BB7-02EC-4864-AE4A-A72034FADD1E}
		{9E75C734-176E-4561-8EB6-C7BE2D7B5E22} = {A60B9BB7-02EC-4864-AE4A-A72034FADD1E}
		{040FAC04-CE9E-4E52-B59A-F23985150589} = {A60B9BB7-02EC-4864-AE4A-A72034FADD1E}
		{AE84C3C8-48D5-4333-89B0-AB7F3D48BADC} = {F32788DA-2B41-4C59-B947-5CED6246E0AD}
	EndGlobalSection
	GlobalSection(ExtensibilityGlobals) = postSolution
		SolutionGuid = {9E5D9C6B-C9B3-45DC-A717-10DA97272B9B}
	EndGlobalSection
EndGlobal
